
Microsoft Visual Studio Solution File, Format Version 12.00
# Visual Studio Version 17
VisualStudioVersion = 17.0.31521.260
MinimumVisualStudioVersion = 10.0.40219.1
Project("{FAE04EC0-301F-11D3-BF4B-00C04F79EFBC}") = "ArduinoDebugger", "ArduinoDebugger\ArduinoDebugger.csproj", "{3343898C-4F02-4B5D-9CE6-007CC5697E0D}"
EndProject
Global
	GlobalSection(SolutionConfigurationPlatforms) = preSolution
		Debug|Any CPU = Debug|Any CPU
		Release|Any CPU = Release|Any CPU
	EndGlobalSection
	GlobalSection(ProjectConfigurationPlatforms) = postSolution
		{3343898C-4F02-4B5D-9CE6-007CC5697E0D}.Debug|Any CPU.ActiveCfg = Debug|Any CPU
		{3343898C-4F02-4B5D-9CE6-007CC5697E0D}.Debug|Any CPU.Build.0 = Debug|Any CPU
		{3343898C-4F02-4B5D-9CE6-007CC5697E0D}.Release|Any CPU.ActiveCfg = Release|Any CPU
		{3343898C-4F02-4B5D-9CE6-007CC5697E0D}.Release|Any CPU.Build.0 = Release|Any CPU
	EndGlobalSection
	GlobalSection(SolutionProperties) = preSolution
		HideSolutionNode = FALSE
	EndGlobalSection
	GlobalSection(ExtensibilityGlobals) = postSolution
		SolutionGuid = {BCB460B3-9EB7-47B5-9D82-2E8DAF4CB00C}
	EndGlobalSection
EndGlobal
